{
  "name": "Lesson2",
  "version": "1.0.0",
  "lockfileVersion": 1,
  "requires": true,
  "dependencies": {
    "prettier-plugin-tailwindcss": {
      "version": "0.5.4",
      "resolved": "https://registry.npmjs.org/prettier-plugin-tailwindcss/-/prettier-plugin-tailwindcss-0.5.4.tgz",
      "integrity": "sha512-QZzzB1bID6qPsKHTeA9qPo1APmmxfFrA5DD3LQ+vbTmAnY40eJI7t9Q1ocqel2EKMWNPLJqdTDWZj1hKYgqSgg==",
      "dev": true
    }
  }
}
